// !$*UTF8*$!
{
	archiveVersion = 1;
	classes = {
	};
	objectVersion = 46;
	objects = {

/* Begin PBXBuildFile section */
		EB89535A1783317D00252483 /* CustomCell.m in Sources */ = {isa = PBXBuildFile; fileRef = EB8953591783317D00252483 /* CustomCell.m */; };
		EB91EC3A1787BD0200323F51 /* iPhone4.storyboard in Resources */ = {isa = PBXBuildFile; fileRef = EB91EC391787BD0200323F51 /* iPhone4.storyboard */; };
		EB91EC451787EFE200323F51 /* Circular3_icon57@2x.png in Resources */ = {isa = PBXBuildFile; fileRef = EDD508971787B918009A231C /* Circular3_icon57@2x.png */; };
		EB91EC461787EFE200323F51 /* Circular3_icon114@2x.png in Resources */ = {isa = PBXBuildFile; fileRef = EDD508951787B914009A231C /* Circular3_icon114@2x.png */; };
		EB91EC4C1787FB8D00323F51 /* RDActionSheet.m in Sources */ = {isa = PBXBuildFile; fileRef = EB91EC4B1787FB8D00323F51 /* RDActionSheet.m */; };
		EB91EC5E1787FBB700323F51 /* SheetBackground.png in Resources */ = {isa = PBXBuildFile; fileRef = EB91EC4E1787FBB700323F51 /* SheetBackground.png */; };
		EB91EC5F1787FBB700323F51 /* SheetBackground@2x.png in Resources */ = {isa = PBXBuildFile; fileRef = EB91EC4F1787FBB700323F51 /* SheetBackground@2x.png */; };
		EB91EC601787FBB700323F51 /* SheetButtonDestroy@2x.png in Resources */ = {isa = PBXBuildFile; fileRef = EB91EC501787FBB700323F51 /* SheetButtonDestroy@2x.png */; };
		EB91EC611787FBB700323F51 /* SheetButtonDestroyTouch@2x.png in Resources */ = {isa = PBXBuildFile; fileRef = EB91EC511787FBB700323F51 /* SheetButtonDestroyTouch@2x.png */; };
		EB91EC621787FBB700323F51 /* SheetButtonDismiss.png in Resources */ = {isa = PBXBuildFile; fileRef = EB91EC521787FBB700323F51 /* SheetButtonDismiss.png */; };
		EB91EC631787FBB700323F51 /* SheetButtonDismiss@2x.png in Resources */ = {isa = PBXBuildFile; fileRef = EB91EC531787FBB700323F51 /* SheetButtonDismiss@2x.png */; };
		EB91EC641787FBB700323F51 /* SheetButtonDismissTouch.png in Resources */ = {isa = PBXBuildFile; fileRef = EB91EC541787FBB700323F51 /* SheetButtonDismissTouch.png */; };
		EB91EC651787FBB700323F51 /* SheetButtonDismissTouch@2x.png in Resources */ = {isa = PBXBuildFile; fileRef = EB91EC551787FBB700323F51 /* SheetButtonDismissTouch@2x.png */; };
		EB91EC661787FBB700323F51 /* SheetButtonGeneric.png in Resources */ = {isa = PBXBuildFile; fileRef = EB91EC561787FBB700323F51 /* SheetButtonGeneric.png */; };
		EB91EC671787FBB700323F51 /* SheetButtonGeneric@2x.png in Resources */ = {isa = PBXBuildFile; fileRef = EB91EC571787FBB700323F51 /* SheetButtonGeneric@2x.png */; };
		EB91EC681787FBB700323F51 /* SheetButtonGenericTouch.png in Resources */ = {isa = PBXBuildFile; fileRef = EB91EC581787FBB700323F51 /* SheetButtonGenericTouch.png */; };
		EB91EC691787FBB700323F51 /* SheetButtonGenericTouch@2x.png in Resources */ = {isa = PBXBuildFile; fileRef = EB91EC591787FBB700323F51 /* SheetButtonGenericTouch@2x.png */; };
		EB91EC6A1787FBB700323F51 /* SheetButtonPrimary.png in Resources */ = {isa = PBXBuildFile; fileRef = EB91EC5A1787FBB700323F51 /* SheetButtonPrimary.png */; };
		EB91EC6B1787FBB700323F51 /* SheetButtonPrimary@2x.png in Resources */ = {isa = PBXBuildFile; fileRef = EB91EC5B1787FBB700323F51 /* SheetButtonPrimary@2x.png */; };
		EB91EC6C1787FBB700323F51 /* SheetButtonPrimaryTouch.png in Resources */ = {isa = PBXBuildFile; fileRef = EB91EC5C1787FBB700323F51 /* SheetButtonPrimaryTouch.png */; };
		EB91EC6D1787FBB700323F51 /* SheetButtonPrimaryTouch@2x.png in Resources */ = {isa = PBXBuildFile; fileRef = EB91EC5D1787FBB700323F51 /* SheetButtonPrimaryTouch@2x.png */; };
		EB91EC731788073D00323F51 /* AGMedallionView.m in Sources */ = {isa = PBXBuildFile; fileRef = EB91EC721788073D00323F51 /* AGMedallionView.m */; };
		EB91EC78178811E300323F51 /* MobileCoreServices.framework in Frameworks */ = {isa = PBXBuildFile; fileRef = EB91EC77178811E200323F51 /* MobileCoreServices.framework */; };
		EB91EC7A178811E900323F51 /* AssetsLibrary.framework in Frameworks */ = {isa = PBXBuildFile; fileRef = EB91EC79178811E900323F51 /* AssetsLibrary.framework */; };
		EB91EC7E1788191300323F51 /* cover.jpg in Resources */ = {isa = PBXBuildFile; fileRef = EB91EC7D1788191300323F51 /* cover.jpg */; };
		EB96888B1786E6D20055FEB7 /* My Property.plist in Resources */ = {isa = PBXBuildFile; fileRef = EB96888A1786E6D20055FEB7 /* My Property.plist */; };
		EB96888E1786E85F0055FEB7 /* sidebarbg@2x.png in Resources */ = {isa = PBXBuildFile; fileRef = EB96888C1786E85F0055FEB7 /* sidebarbg@2x.png */; };
		EB96888F1786E85F0055FEB7 /* sidebarCellLine@2x.png in Resources */ = {isa = PBXBuildFile; fileRef = EB96888D1786E85F0055FEB7 /* sidebarCellLine@2x.png */; };
		EB9688951786E89B0055FEB7 /* Entertainment@2x.png in Resources */ = {isa = PBXBuildFile; fileRef = EB9688901786E89A0055FEB7 /* Entertainment@2x.png */; };
		EB9688961786E89B0055FEB7 /* Food & Drink@2x.png in Resources */ = {isa = PBXBuildFile; fileRef = EB9688911786E89B0055FEB7 /* Food & Drink@2x.png */; };
		EB9688971786E89B0055FEB7 /* Music & Arts@2x.png in Resources */ = {isa = PBXBuildFile; fileRef = EB9688921786E89B0055FEB7 /* Music & Arts@2x.png */; };
		EB9688981786E89B0055FEB7 /* Profile@2x.png in Resources */ = {isa = PBXBuildFile; fileRef = EB9688931786E89B0055FEB7 /* Profile@2x.png */; };
		EB9688991786E89B0055FEB7 /* Shopping@2x.png in Resources */ = {isa = PBXBuildFile; fileRef = EB9688941786E89B0055FEB7 /* Shopping@2x.png */; };
		EB96889B1786E8AD0055FEB7 /* News Feed@2x.png in Resources */ = {isa = PBXBuildFile; fileRef = EB96889A1786E8AD0055FEB7 /* News Feed@2x.png */; };
		EB96889E1786E8C00055FEB7 /* SettingController.m in Sources */ = {isa = PBXBuildFile; fileRef = EB96889D1786E8BD0055FEB7 /* SettingController.m */; };
		EB9688A01786EE2C0055FEB7 /* nav_bar_white_background@2x.png in Resources */ = {isa = PBXBuildFile; fileRef = EB96889F1786EE2C0055FEB7 /* nav_bar_white_background@2x.png */; };
		ED23676F17832766000A0830 /* textured_background@2x.png in Resources */ = {isa = PBXBuildFile; fileRef = ED23676C17832766000A0830 /* textured_background@2x.png */; };
		ED23677017832766000A0830 /* nav_btn_sidebar@2x.png in Resources */ = {isa = PBXBuildFile; fileRef = ED23676D17832766000A0830 /* nav_btn_sidebar@2x.png */; };
		ED338E7C1784A71000E368A4 /* backButton@2x.png in Resources */ = {isa = PBXBuildFile; fileRef = ED338E7B1784A71000E368A4 /* backButton@2x.png */; };
		ED338E7E1784AA9B00E368A4 /* Account Setting@2x.png in Resources */ = {isa = PBXBuildFile; fileRef = ED338E7D1784AA9B00E368A4 /* Account Setting@2x.png */; };
		ED59884D1785ED8E0034BD7D /* white.jpg in Resources */ = {isa = PBXBuildFile; fileRef = ED59884C1785ED8E0034BD7D /* white.jpg */; };
		EDC32BE2178154AE00A2E1D4 /* UIKit.framework in Frameworks */ = {isa = PBXBuildFile; fileRef = EDC32BE1178154AE00A2E1D4 /* UIKit.framework */; };
		EDC32BE4178154AE00A2E1D4 /* Foundation.framework in Frameworks */ = {isa = PBXBuildFile; fileRef = EDC32BE3178154AE00A2E1D4 /* Foundation.framework */; };
		EDC32BE6178154AE00A2E1D4 /* CoreGraphics.framework in Frameworks */ = {isa = PBXBuildFile; fileRef = EDC32BE5178154AE00A2E1D4 /* CoreGraphics.framework */; };
		EDC32BEC178154AE00A2E1D4 /* InfoPlist.strings in Resources */ = {isa = PBXBuildFile; fileRef = EDC32BEA178154AE00A2E1D4 /* InfoPlist.strings */; };
		EDC32BEE178154AE00A2E1D4 /* main.m in Sources */ = {isa = PBXBuildFile; fileRef = EDC32BED178154AE00A2E1D4 /* main.m */; };
		EDC32BF2178154AE00A2E1D4 /* AppDelegate.m in Sources */ = {isa = PBXBuildFile; fileRef = EDC32BF1178154AE00A2E1D4 /* AppDelegate.m */; };
		EDC32BF4178154AE00A2E1D4 /* Default.png in Resources */ = {isa = PBXBuildFile; fileRef = EDC32BF3178154AE00A2E1D4 /* Default.png */; };
		EDC32BF6178154AE00A2E1D4 /* Default@2x.png in Resources */ = {isa = PBXBuildFile; fileRef = EDC32BF5178154AE00A2E1D4 /* Default@2x.png */; };
		EDC32BF8178154AE00A2E1D4 /* Default-568h@2x.png in Resources */ = {isa = PBXBuildFile; fileRef = EDC32BF7178154AE00A2E1D4 /* Default-568h@2x.png */; };
		EDC32BFB178154AE00A2E1D4 /* iPhone5.storyboard in Resources */ = {isa = PBXBuildFile; fileRef = EDC32BF9178154AE00A2E1D4 /* iPhone5.storyboard */; };
		EDE651141782A50D000D3C02 /* ECSlidingViewController.m in Sources */ = {isa = PBXBuildFile; fileRef = EDE651111782A50D000D3C02 /* ECSlidingViewController.m */; };
		EDE651151782A50D000D3C02 /* UIImage+ImageWithUIView.m in Sources */ = {isa = PBXBuildFile; fileRef = EDE651131782A50D000D3C02 /* UIImage+ImageWithUIView.m */; };
		EDE651191782A54F000D3C02 /* InitialSlidingViewController.m in Sources */ = {isa = PBXBuildFile; fileRef = EDE651181782A54F000D3C02 /* InitialSlidingViewController.m */; };
		EDE6511F1782A6C4000D3C02 /* ProfileViewController.m in Sources */ = {isa = PBXBuildFile; fileRef = EDE6511E1782A6C4000D3C02 /* ProfileViewController.m */; };
		EDE651211782BF6C000D3C02 /* QuartzCore.framework in Frameworks */ = {isa = PBXBuildFile; fileRef = EDE651201782BF6C000D3C02 /* QuartzCore.framework */; };
		EDE651291782DA81000D3C02 /* NavigationTopViewController.m in Sources */ = {isa = PBXBuildFile; fileRef = EDE651261782DA81000D3C02 /* NavigationTopViewController.m */; };
		EDE6512A1782DA81000D3C02 /* FeedsCellViewController.m in Sources */ = {isa = PBXBuildFile; fileRef = EDE651281782DA81000D3C02 /* FeedsCellViewController.m */; };
		EDE6512E1782E2AE000D3C02 /* DetailCellViewController.m in Sources */ = {isa = PBXBuildFile; fileRef = EDE6512D1782E2AE000D3C02 /* DetailCellViewController.m */; };
		EDE651331782E5E8000D3C02 /* MenuViewController.m in Sources */ = {isa = PBXBuildFile; fileRef = EDE651321782E5E8000D3C02 /* MenuViewController.m */; };
/* End PBXBuildFile section */

/* Begin PBXFileReference section */
		EB8953581783317D00252483 /* CustomCell.h */ = {isa = PBXFileReference; fileEncoding = 4; lastKnownFileType = sourcecode.c.h; path = CustomCell.h; sourceTree = "<group>"; };
		EB8953591783317D00252483 /* CustomCell.m */ = {isa = PBXFileReference; fileEncoding = 4; lastKnownFileType = sourcecode.c.objc; path = CustomCell.m; sourceTree = "<group>"; };
		EB91EC391787BD0200323F51 /* iPhone4.storyboard */ = {isa = PBXFileReference; fileEncoding = 4; lastKnownFileType = file.storyboard; path = iPhone4.storyboard; sourceTree = "<group>"; };
		EB91EC4A1787FB8D00323F51 /* RDActionSheet.h */ = {isa = PBXFileReference; fileEncoding = 4; lastKnownFileType = sourcecode.c.h; path = RDActionSheet.h; sourceTree = "<group>"; };
		EB91EC4B1787FB8D00323F51 /* RDActionSheet.m */ = {isa = PBXFileReference; fileEncoding = 4; lastKnownFileType = sourcecode.c.objc; path = RDActionSheet.m; sourceTree = "<group>"; };
		EB91EC4E1787FBB700323F51 /* SheetBackground.png */ = {isa = PBXFileReference; lastKnownFileType = image.png; path = SheetBackground.png; sourceTree = "<group>"; };
		EB91EC4F1787FBB700323F51 /* SheetBackground@2x.png */ = {isa = PBXFileReference; lastKnownFileType = image.png; path = "SheetBackground@2x.png"; sourceTree = "<group>"; };
		EB91EC501787FBB700323F51 /* SheetButtonDestroy@2x.png */ = {isa = PBXFileReference; lastKnownFileType = image.png; path = "SheetButtonDestroy@2x.png"; sourceTree = "<group>"; };
		EB91EC511787FBB700323F51 /* SheetButtonDestroyTouch@2x.png */ = {isa = PBXFileReference; lastKnownFileType = image.png; path = "SheetButtonDestroyTouch@2x.png"; sourceTree = "<group>"; };
		EB91EC521787FBB700323F51 /* SheetButtonDismiss.png */ = {isa = PBXFileReference; lastKnownFileType = image.png; path = SheetButtonDismiss.png; sourceTree = "<group>"; };
		EB91EC531787FBB700323F51 /* SheetButtonDismiss@2x.png */ = {isa = PBXFileReference; lastKnownFileType = image.png; path = "SheetButtonDismiss@2x.png"; sourceTree = "<group>"; };
		EB91EC541787FBB700323F51 /* SheetButtonDismissTouch.png */ = {isa = PBXFileReference; lastKnownFileType = image.png; path = SheetButtonDismissTouch.png; sourceTree = "<group>"; };
		EB91EC551787FBB700323F51 /* SheetButtonDismissTouch@2x.png */ = {isa = PBXFileReference; lastKnownFileType = image.png; path = "SheetButtonDismissTouch@2x.png"; sourceTree = "<group>"; };
		EB91EC561787FBB700323F51 /* SheetButtonGeneric.png */ = {isa = PBXFileReference; lastKnownFileType = image.png; path = SheetButtonGeneric.png; sourceTree = "<group>"; };
		EB91EC571787FBB700323F51 /* SheetButtonGeneric@2x.png */ = {isa = PBXFileReference; lastKnownFileType = image.png; path = "SheetButtonGeneric@2x.png"; sourceTree = "<group>"; };
		EB91EC581787FBB700323F51 /* SheetButtonGenericTouch.png */ = {isa = PBXFileReference; lastKnownFileType = image.png; path = SheetButtonGenericTouch.png; sourceTree = "<group>"; };
		EB91EC591787FBB700323F51 /* SheetButtonGenericTouch@2x.png */ = {isa = PBXFileReference; lastKnownFileType = image.png; path = "SheetButtonGenericTouch@2x.png"; sourceTree = "<group>"; };
		EB91EC5A1787FBB700323F51 /* SheetButtonPrimary.png */ = {isa = PBXFileReference; lastKnownFileType = image.png; path = SheetButtonPrimary.png; sourceTree = "<group>"; };
		EB91EC5B1787FBB700323F51 /* SheetButtonPrimary@2x.png */ = {isa = PBXFileReference; lastKnownFileType = image.png; path = "SheetButtonPrimary@2x.png"; sourceTree = "<group>"; };
		EB91EC5C1787FBB700323F51 /* SheetButtonPrimaryTouch.png */ = {isa = PBXFileReference; lastKnownFileType = image.png; path = SheetButtonPrimaryTouch.png; sourceTree = "<group>"; };
		EB91EC5D1787FBB700323F51 /* SheetButtonPrimaryTouch@2x.png */ = {isa = PBXFileReference; lastKnownFileType = image.png; path = "SheetButtonPrimaryTouch@2x.png"; sourceTree = "<group>"; };
		EB91EC711788073D00323F51 /* AGMedallionView.h */ = {isa = PBXFileReference; fileEncoding = 4; lastKnownFileType = sourcecode.c.h; path = AGMedallionView.h; sourceTree = "<group>"; };
		EB91EC721788073D00323F51 /* AGMedallionView.m */ = {isa = PBXFileReference; fileEncoding = 4; lastKnownFileType = sourcecode.c.objc; path = AGMedallionView.m; sourceTree = "<group>"; };
		EB91EC77178811E200323F51 /* MobileCoreServices.framework */ = {isa = PBXFileReference; lastKnownFileType = wrapper.framework; name = MobileCoreServices.framework; path = System/Library/Frameworks/MobileCoreServices.framework; sourceTree = SDKROOT; };
		EB91EC79178811E900323F51 /* AssetsLibrary.framework */ = {isa = PBXFileReference; lastKnownFileType = wrapper.framework; name = AssetsLibrary.framework; path = System/Library/Frameworks/AssetsLibrary.framework; sourceTree = SDKROOT; };
		EB91EC7D1788191300323F51 /* cover.jpg */ = {isa = PBXFileReference; lastKnownFileType = image.jpeg; path = cover.jpg; sourceTree = "<group>"; };
		EB91EC7F1788196B00323F51 /* CFNetwork.framework */ = {isa = PBXFileReference; lastKnownFileType = wrapper.framework; name = CFNetwork.framework; path = System/Library/Frameworks/CFNetwork.framework; sourceTree = SDKROOT; };
		EB96888A1786E6D20055FEB7 /* My Property.plist */ = {isa = PBXFileReference; fileEncoding = 4; lastKnownFileType = text.plist.xml; path = "My Property.plist"; sourceTree = "<group>"; };
		EB96888C1786E85F0055FEB7 /* sidebarbg@2x.png */ = {isa = PBXFileReference; lastKnownFileType = image.png; path = "sidebarbg@2x.png"; sourceTree = "<group>"; };
		EB96888D1786E85F0055FEB7 /* sidebarCellLine@2x.png */ = {isa = PBXFileReference; lastKnownFileType = image.png; path = "sidebarCellLine@2x.png"; sourceTree = "<group>"; };
		EB9688901786E89A0055FEB7 /* Entertainment@2x.png */ = {isa = PBXFileReference; lastKnownFileType = image.png; path = "Entertainment@2x.png"; sourceTree = "<group>"; };
		EB9688911786E89B0055FEB7 /* Food & Drink@2x.png */ = {isa = PBXFileReference; lastKnownFileType = image.png; path = "Food & Drink@2x.png"; sourceTree = "<group>"; };
		EB9688921786E89B0055FEB7 /* Music & Arts@2x.png */ = {isa = PBXFileReference; lastKnownFileType = image.png; path = "Music & Arts@2x.png"; sourceTree = "<group>"; };
		EB9688931786E89B0055FEB7 /* Profile@2x.png */ = {isa = PBXFileReference; lastKnownFileType = image.png; path = "Profile@2x.png"; sourceTree = "<group>"; };
		EB9688941786E89B0055FEB7 /* Shopping@2x.png */ = {isa = PBXFileReference; lastKnownFileType = image.png; path = "Shopping@2x.png"; sourceTree = "<group>"; };
		EB96889A1786E8AD0055FEB7 /* News Feed@2x.png */ = {isa = PBXFileReference; lastKnownFileType = image.png; path = "News Feed@2x.png"; sourceTree = "<group>"; };
		EB96889C1786E8BD0055FEB7 /* SettingController.h */ = {isa = PBXFileReference; lastKnownFileType = sourcecode.c.h; path = SettingController.h; sourceTree = "<group>"; };
		EB96889D1786E8BD0055FEB7 /* SettingController.m */ = {isa = PBXFileReference; lastKnownFileType = sourcecode.c.objc; path = SettingController.m; sourceTree = "<group>"; };
		EB96889F1786EE2C0055FEB7 /* nav_bar_white_background@2x.png */ = {isa = PBXFileReference; lastKnownFileType = image.png; path = "nav_bar_white_background@2x.png"; sourceTree = "<group>"; };
		ED23676C17832766000A0830 /* textured_background@2x.png */ = {isa = PBXFileReference; lastKnownFileType = image.png; path = "textured_background@2x.png"; sourceTree = "<group>"; };
		ED23676D17832766000A0830 /* nav_btn_sidebar@2x.png */ = {isa = PBXFileReference; lastKnownFileType = image.png; path = "nav_btn_sidebar@2x.png"; sourceTree = "<group>"; };
		ED338E7B1784A71000E368A4 /* backButton@2x.png */ = {isa = PBXFileReference; lastKnownFileType = image.png; path = "backButton@2x.png"; sourceTree = "<group>"; };
		ED338E7D1784AA9B00E368A4 /* Account Setting@2x.png */ = {isa = PBXFileReference; lastKnownFileType = image.png; path = "Account Setting@2x.png"; sourceTree = "<group>"; };
		ED59884C1785ED8E0034BD7D /* white.jpg */ = {isa = PBXFileReference; lastKnownFileType = image.jpeg; path = white.jpg; sourceTree = "<group>"; };
		EDC32BDE178154AE00A2E1D4 /* Circular.app */ = {isa = PBXFileReference; explicitFileType = wrapper.application; includeInIndex = 0; path = Circular.app; sourceTree = BUILT_PRODUCTS_DIR; };
		EDC32BE1178154AE00A2E1D4 /* UIKit.framework */ = {isa = PBXFileReference; lastKnownFileType = wrapper.framework; name = UIKit.framework; path = System/Library/Frameworks/UIKit.framework; sourceTree = SDKROOT; };
		EDC32BE3178154AE00A2E1D4 /* Foundation.framework */ = {isa = PBXFileReference; lastKnownFileType = wrapper.framework; name = Foundation.framework; path = System/Library/Frameworks/Foundation.framework; sourceTree = SDKROOT; };
		EDC32BE5178154AE00A2E1D4 /* CoreGraphics.framework */ = {isa = PBXFileReference; lastKnownFileType = wrapper.framework; name = CoreGraphics.framework; path = System/Library/Frameworks/CoreGraphics.framework; sourceTree = SDKROOT; };
		EDC32BE9178154AE00A2E1D4 /* Circular-Info.plist */ = {isa = PBXFileReference; lastKnownFileType = text.plist.xml; path = "Circular-Info.plist"; sourceTree = "<group>"; };
		EDC32BEB178154AE00A2E1D4 /* en */ = {isa = PBXFileReference; lastKnownFileType = text.plist.strings; name = en; path = en.lproj/InfoPlist.strings; sourceTree = "<group>"; };
		EDC32BED178154AE00A2E1D4 /* main.m */ = {isa = PBXFileReference; lastKnownFileType = sourcecode.c.objc; path = main.m; sourceTree = "<group>"; };
		EDC32BEF178154AE00A2E1D4 /* Circular-Prefix.pch */ = {isa = PBXFileReference; lastKnownFileType = sourcecode.c.h; path = "Circular-Prefix.pch"; sourceTree = "<group>"; };
		EDC32BF0178154AE00A2E1D4 /* AppDelegate.h */ = {isa = PBXFileReference; lastKnownFileType = sourcecode.c.h; path = AppDelegate.h; sourceTree = "<group>"; };
		EDC32BF1178154AE00A2E1D4 /* AppDelegate.m */ = {isa = PBXFileReference; lastKnownFileType = sourcecode.c.objc; path = AppDelegate.m; sourceTree = "<group>"; };
		EDC32BF3178154AE00A2E1D4 /* Default.png */ = {isa = PBXFileReference; lastKnownFileType = image.png; path = Default.png; sourceTree = "<group>"; };
		EDC32BF5178154AE00A2E1D4 /* Default@2x.png */ = {isa = PBXFileReference; lastKnownFileType = image.png; path = "Default@2x.png"; sourceTree = "<group>"; };
		EDC32BF7178154AE00A2E1D4 /* Default-568h@2x.png */ = {isa = PBXFileReference; lastKnownFileType = image.png; path = "Default-568h@2x.png"; sourceTree = "<group>"; };
		EDC32BFA178154AE00A2E1D4 /* en */ = {isa = PBXFileReference; lastKnownFileType = file.storyboard; name = en; path = en.lproj/iPhone5.storyboard; sourceTree = "<group>"; };
		EDD508951787B914009A231C /* Circular3_icon114@2x.png */ = {isa = PBXFileReference; lastKnownFileType = image.png; path = "Circular3_icon114@2x.png"; sourceTree = "<group>"; };
		EDD508971787B918009A231C /* Circular3_icon57@2x.png */ = {isa = PBXFileReference; lastKnownFileType = image.png; path = "Circular3_icon57@2x.png"; sourceTree = "<group>"; };
		EDE651101782A50D000D3C02 /* ECSlidingViewController.h */ = {isa = PBXFileReference; fileEncoding = 4; lastKnownFileType = sourcecode.c.h; path = ECSlidingViewController.h; sourceTree = "<group>"; };
		EDE651111782A50D000D3C02 /* ECSlidingViewController.m */ = {isa = PBXFileReference; fileEncoding = 4; lastKnownFileType = sourcecode.c.objc; path = ECSlidingViewController.m; sourceTree = "<group>"; };
		EDE651121782A50D000D3C02 /* UIImage+ImageWithUIView.h */ = {isa = PBXFileReference; fileEncoding = 4; lastKnownFileType = sourcecode.c.h; path = "UIImage+ImageWithUIView.h"; sourceTree = "<group>"; };
		EDE651131782A50D000D3C02 /* UIImage+ImageWithUIView.m */ = {isa = PBXFileReference; fileEncoding = 4; lastKnownFileType = sourcecode.c.objc; path = "UIImage+ImageWithUIView.m"; sourceTree = "<group>"; };
		EDE651171782A54F000D3C02 /* InitialSlidingViewController.h */ = {isa = PBXFileReference; fileEncoding = 4; lastKnownFileType = sourcecode.c.h; path = InitialSlidingViewController.h; sourceTree = "<group>"; };
		EDE651181782A54F000D3C02 /* InitialSlidingViewController.m */ = {isa = PBXFileReference; fileEncoding = 4; lastKnownFileType = sourcecode.c.objc; path = InitialSlidingViewController.m; sourceTree = "<group>"; };
		EDE6511D1782A6C4000D3C02 /* ProfileViewController.h */ = {isa = PBXFileReference; fileEncoding = 4; lastKnownFileType = sourcecode.c.h; name = ProfileViewController.h; path = ../ProfileViewController.h; sourceTree = "<group>"; };
		EDE6511E1782A6C4000D3C02 /* ProfileViewController.m */ = {isa = PBXFileReference; fileEncoding = 4; lastKnownFileType = sourcecode.c.objc; name = ProfileViewController.m; path = ../ProfileViewController.m; sourceTree = "<group>"; };
		EDE651201782BF6C000D3C02 /* QuartzCore.framework */ = {isa = PBXFileReference; lastKnownFileType = wrapper.framework; name = QuartzCore.framework; path = System/Library/Frameworks/QuartzCore.framework; sourceTree = SDKROOT; };
		EDE651251782DA81000D3C02 /* NavigationTopViewController.h */ = {isa = PBXFileReference; fileEncoding = 4; lastKnownFileType = sourcecode.c.h; name = NavigationTopViewController.h; path = Circular/NavigationTopViewController.h; sourceTree = "<group>"; };
		EDE651261782DA81000D3C02 /* NavigationTopViewController.m */ = {isa = PBXFileReference; fileEncoding = 4; lastKnownFileType = sourcecode.c.objc; name = NavigationTopViewController.m; path = Circular/NavigationTopViewController.m; sourceTree = "<group>"; };
		EDE651271782DA81000D3C02 /* FeedsCellViewController.h */ = {isa = PBXFileReference; fileEncoding = 4; lastKnownFileType = sourcecode.c.h; name = FeedsCellViewController.h; path = Circular/FeedsCellViewController.h; sourceTree = "<group>"; };
		EDE651281782DA81000D3C02 /* FeedsCellViewController.m */ = {isa = PBXFileReference; fileEncoding = 4; lastKnownFileType = sourcecode.c.objc; name = FeedsCellViewController.m; path = Circular/FeedsCellViewController.m; sourceTree = "<group>"; };
		EDE6512C1782E2AE000D3C02 /* DetailCellViewController.h */ = {isa = PBXFileReference; fileEncoding = 4; lastKnownFileType = sourcecode.c.h; path = DetailCellViewController.h; sourceTree = "<group>"; };
		EDE6512D1782E2AE000D3C02 /* DetailCellViewController.m */ = {isa = PBXFileReference; fileEncoding = 4; lastKnownFileType = sourcecode.c.objc; path = DetailCellViewController.m; sourceTree = "<group>"; };
		EDE651311782E5E8000D3C02 /* MenuViewController.h */ = {isa = PBXFileReference; fileEncoding = 4; lastKnownFileType = sourcecode.c.h; path = MenuViewController.h; sourceTree = "<group>"; };
		EDE651321782E5E8000D3C02 /* MenuViewController.m */ = {isa = PBXFileReference; fileEncoding = 4; lastKnownFileType = sourcecode.c.objc; path = MenuViewController.m; sourceTree = "<group>"; };
/* End PBXFileReference section */

/* Begin PBXFrameworksBuildPhase section */
		EDC32BDB178154AE00A2E1D4 /* Frameworks */ = {
			isa = PBXFrameworksBuildPhase;
			buildActionMask = 2147483647;
			files = (
				EB91EC7A178811E900323F51 /* AssetsLibrary.framework in Frameworks */,
				EB91EC78178811E300323F51 /* MobileCoreServices.framework in Frameworks */,
				EDE651211782BF6C000D3C02 /* QuartzCore.framework in Frameworks */,
				EDC32BE2178154AE00A2E1D4 /* UIKit.framework in Frameworks */,
				EDC32BE4178154AE00A2E1D4 /* Foundation.framework in Frameworks */,
				EDC32BE6178154AE00A2E1D4 /* CoreGraphics.framework in Frameworks */,
			);
			runOnlyForDeploymentPostprocessing = 0;
		};
/* End PBXFrameworksBuildPhase section */

/* Begin PBXGroup section */
		EB91EC3B1787EC2D00323F51 /* UIImage */ = {
			isa = PBXGroup;
			children = (
				EB91EC711788073D00323F51 /* AGMedallionView.h */,
				EB91EC721788073D00323F51 /* AGMedallionView.m */,
			);
			name = UIImage;
			sourceTree = "<group>";
		};
		EB91EC491787FB8100323F51 /* ActionSheet */ = {
			isa = PBXGroup;
			children = (
				EB91EC4D1787FBA700323F51 /* Resources */,
				EB91EC4A1787FB8D00323F51 /* RDActionSheet.h */,
				EB91EC4B1787FB8D00323F51 /* RDActionSheet.m */,
			);
			name = ActionSheet;
			sourceTree = "<group>";
		};
		EB91EC4D1787FBA700323F51 /* Resources */ = {
			isa = PBXGroup;
			children = (
				EB91EC4E1787FBB700323F51 /* SheetBackground.png */,
				EB91EC4F1787FBB700323F51 /* SheetBackground@2x.png */,
				EB91EC501787FBB700323F51 /* SheetButtonDestroy@2x.png */,
				EB91EC511787FBB700323F51 /* SheetButtonDestroyTouch@2x.png */,
				EB91EC521787FBB700323F51 /* SheetButtonDismiss.png */,
				EB91EC531787FBB700323F51 /* SheetButtonDismiss@2x.png */,
				EB91EC541787FBB700323F51 /* SheetButtonDismissTouch.png */,
				EB91EC551787FBB700323F51 /* SheetButtonDismissTouch@2x.png */,
				EB91EC561787FBB700323F51 /* SheetButtonGeneric.png */,
				EB91EC571787FBB700323F51 /* SheetButtonGeneric@2x.png */,
				EB91EC581787FBB700323F51 /* SheetButtonGenericTouch.png */,
				EB91EC591787FBB700323F51 /* SheetButtonGenericTouch@2x.png */,
				EB91EC5A1787FBB700323F51 /* SheetButtonPrimary.png */,
				EB91EC5B1787FBB700323F51 /* SheetButtonPrimary@2x.png */,
				EB91EC5C1787FBB700323F51 /* SheetButtonPrimaryTouch.png */,
				EB91EC5D1787FBB700323F51 /* SheetButtonPrimaryTouch@2x.png */,
			);
			name = Resources;
			sourceTree = "<group>";
		};
		ED137B9D1783480300C5025D /* SettingScreen */ = {
			isa = PBXGroup;
			children = (
				EB96889C1786E8BD0055FEB7 /* SettingController.h */,
				EB96889D1786E8BD0055FEB7 /* SettingController.m */,
			);
			name = SettingScreen;
			path = ..;
			sourceTree = "<group>";
		};
		ED23676B17832748000A0830 /* Picture */ = {
			isa = PBXGroup;
			children = (
				EB96889F1786EE2C0055FEB7 /* nav_bar_white_background@2x.png */,
				EB96889A1786E8AD0055FEB7 /* News Feed@2x.png */,
				EB9688901786E89A0055FEB7 /* Entertainment@2x.png */,
				EB9688911786E89B0055FEB7 /* Food & Drink@2x.png */,
				EB9688921786E89B0055FEB7 /* Music & Arts@2x.png */,
				EB9688931786E89B0055FEB7 /* Profile@2x.png */,
				EB9688941786E89B0055FEB7 /* Shopping@2x.png */,
				EB96888C1786E85F0055FEB7 /* sidebarbg@2x.png */,
				EB96888D1786E85F0055FEB7 /* sidebarCellLine@2x.png */,
				ED59884C1785ED8E0034BD7D /* white.jpg */,
				ED338E7D1784AA9B00E368A4 /* Account Setting@2x.png */,
				ED338E7B1784A71000E368A4 /* backButton@2x.png */,
				ED23676C17832766000A0830 /* textured_background@2x.png */,
				ED23676D17832766000A0830 /* nav_btn_sidebar@2x.png */,
			);
			name = Picture;
			sourceTree = "<group>";
		};
		EDC32BD5178154AE00A2E1D4 = {
			isa = PBXGroup;
			children = (
				EB91EC7F1788196B00323F51 /* CFNetwork.framework */,
				EB91EC79178811E900323F51 /* AssetsLibrary.framework */,
				EB91EC77178811E200323F51 /* MobileCoreServices.framework */,
				EDD508971787B918009A231C /* Circular3_icon57@2x.png */,
				EDD508951787B914009A231C /* Circular3_icon114@2x.png */,
				EB8953581783317D00252483 /* CustomCell.h */,
				EB8953591783317D00252483 /* CustomCell.m */,
				EDC32BE7178154AE00A2E1D4 /* Circular */,
				EDC32BE0178154AE00A2E1D4 /* Frameworks */,
				EDC32BDF178154AE00A2E1D4 /* Products */,
			);
			sourceTree = "<group>";
		};
		EDC32BDF178154AE00A2E1D4 /* Products */ = {
			isa = PBXGroup;
			children = (
				EDC32BDE178154AE00A2E1D4 /* Circular.app */,
			);
			name = Products;
			sourceTree = "<group>";
		};
		EDC32BE0178154AE00A2E1D4 /* Frameworks */ = {
			isa = PBXGroup;
			children = (
				EDE651201782BF6C000D3C02 /* QuartzCore.framework */,
				EDC32BE1178154AE00A2E1D4 /* UIKit.framework */,
				EDC32BE3178154AE00A2E1D4 /* Foundation.framework */,
				EDC32BE5178154AE00A2E1D4 /* CoreGraphics.framework */,
			);
			name = Frameworks;
			sourceTree = "<group>";
		};
		EDC32BE7178154AE00A2E1D4 /* Circular */ = {
			isa = PBXGroup;
			children = (
				EDC32BF0178154AE00A2E1D4 /* AppDelegate.h */,
				EDC32BF1178154AE00A2E1D4 /* AppDelegate.m */,
				EDE651171782A54F000D3C02 /* InitialSlidingViewController.h */,
				EDE651181782A54F000D3C02 /* InitialSlidingViewController.m */,
				EB91EC391787BD0200323F51 /* iPhone4.storyboard */,
				EDC32BF9178154AE00A2E1D4 /* iPhone5.storyboard */,
				EDE651161782A511000D3C02 /* SlideMenu */,
				EDE6512B1782DEB8000D3C02 /* MainScreen(FeedNews + Detail) */,
				EB91EC491787FB8100323F51 /* ActionSheet */,
				EDE6512F1782E40D000D3C02 /* ProfileScreen */,
				ED137B9D1783480300C5025D /* SettingScreen */,
				EDC32BE8178154AE00A2E1D4 /* Supporting Files */,
			);
			path = Circular;
			sourceTree = "<group>";
		};
		EDC32BE8178154AE00A2E1D4 /* Supporting Files */ = {
			isa = PBXGroup;
			children = (
				ED23676B17832748000A0830 /* Picture */,
				EDC32BE9178154AE00A2E1D4 /* Circular-Info.plist */,
				EB96888A1786E6D20055FEB7 /* My Property.plist */,
				EDC32BEA178154AE00A2E1D4 /* InfoPlist.strings */,
				EDC32BED178154AE00A2E1D4 /* main.m */,
				EDC32BEF178154AE00A2E1D4 /* Circular-Prefix.pch */,
				EDC32BF3178154AE00A2E1D4 /* Default.png */,
				EDC32BF5178154AE00A2E1D4 /* Default@2x.png */,
				EDC32BF7178154AE00A2E1D4 /* Default-568h@2x.png */,
			);
			name = "Supporting Files";
			sourceTree = "<group>";
		};
		EDE651161782A511000D3C02 /* SlideMenu */ = {
			isa = PBXGroup;
			children = (
				EDE651311782E5E8000D3C02 /* MenuViewController.h */,
				EDE651321782E5E8000D3C02 /* MenuViewController.m */,
				EDE651301782E442000D3C02 /* Library */,
			);
			name = SlideMenu;
			sourceTree = "<group>";
		};
		EDE6512B1782DEB8000D3C02 /* MainScreen(FeedNews + Detail) */ = {
			isa = PBXGroup;
			children = (
				EDE651251782DA81000D3C02 /* NavigationTopViewController.h */,
				EDE651261782DA81000D3C02 /* NavigationTopViewController.m */,
				EDE651271782DA81000D3C02 /* FeedsCellViewController.h */,
				EDE651281782DA81000D3C02 /* FeedsCellViewController.m */,
				EDE6512C1782E2AE000D3C02 /* DetailCellViewController.h */,
				EDE6512D1782E2AE000D3C02 /* DetailCellViewController.m */,
			);
			name = "MainScreen(FeedNews + Detail)";
			path = ..;
			sourceTree = "<group>";
		};
		EDE6512F1782E40D000D3C02 /* ProfileScreen */ = {
			isa = PBXGroup;
			children = (
				EB91EC7D1788191300323F51 /* cover.jpg */,
				EB91EC3B1787EC2D00323F51 /* UIImage */,
				EDE6511D1782A6C4000D3C02 /* ProfileViewController.h */,
				EDE6511E1782A6C4000D3C02 /* ProfileViewController.m */,
			);
			name = ProfileScreen;
			sourceTree = "<group>";
		};
		EDE651301782E442000D3C02 /* Library */ = {
			isa = PBXGroup;
			children = (
				EDE651101782A50D000D3C02 /* ECSlidingViewController.h */,
				EDE651111782A50D000D3C02 /* ECSlidingViewController.m */,
				EDE651121782A50D000D3C02 /* UIImage+ImageWithUIView.h */,
				EDE651131782A50D000D3C02 /* UIImage+ImageWithUIView.m */,
			);
			name = Library;
			sourceTree = "<group>";
		};
/* End PBXGroup section */

/* Begin PBXNativeTarget section */
		EDC32BDD178154AE00A2E1D4 /* Circular */ = {
			isa = PBXNativeTarget;
			buildConfigurationList = EDC32C01178154AE00A2E1D4 /* Build configuration list for PBXNativeTarget "Circular" */;
			buildPhases = (
				EDC32BDA178154AE00A2E1D4 /* Sources */,
				EDC32BDB178154AE00A2E1D4 /* Frameworks */,
				EDC32BDC178154AE00A2E1D4 /* Resources */,
			);
			buildRules = (
			);
			dependencies = (
			);
			name = Circular;
			productName = Circular;
			productReference = EDC32BDE178154AE00A2E1D4 /* Circular.app */;
			productType = "com.apple.product-type.application";
		};
/* End PBXNativeTarget section */

/* Begin PBXProject section */
		EDC32BD6178154AE00A2E1D4 /* Project object */ = {
			isa = PBXProject;
			attributes = {
				LastUpgradeCheck = 0460;
				ORGANIZATIONNAME = Codec;
			};
			buildConfigurationList = EDC32BD9178154AE00A2E1D4 /* Build configuration list for PBXProject "Circular" */;
			compatibilityVersion = "Xcode 3.2";
			developmentRegion = English;
			hasScannedForEncodings = 0;
			knownRegions = (
				en,
			);
			mainGroup = EDC32BD5178154AE00A2E1D4;
			productRefGroup = EDC32BDF178154AE00A2E1D4 /* Products */;
			projectDirPath = "";
			projectRoot = "";
			targets = (
				EDC32BDD178154AE00A2E1D4 /* Circular */,
			);
		};
/* End PBXProject section */

/* Begin PBXResourcesBuildPhase section */
		EDC32BDC178154AE00A2E1D4 /* Resources */ = {
			isa = PBXResourcesBuildPhase;
			buildActionMask = 2147483647;
			files = (
				EDC32BEC178154AE00A2E1D4 /* InfoPlist.strings in Resources */,
				EDC32BF4178154AE00A2E1D4 /* Default.png in Resources */,
				EDC32BF6178154AE00A2E1D4 /* Default@2x.png in Resources */,
				EDC32BF8178154AE00A2E1D4 /* Default-568h@2x.png in Resources */,
				EDC32BFB178154AE00A2E1D4 /* iPhone5.storyboard in Resources */,
				ED23676F17832766000A0830 /* textured_background@2x.png in Resources */,
				ED23677017832766000A0830 /* nav_btn_sidebar@2x.png in Resources */,
				ED338E7C1784A71000E368A4 /* backButton@2x.png in Resources */,
				ED338E7E1784AA9B00E368A4 /* Account Setting@2x.png in Resources */,
				ED59884D1785ED8E0034BD7D /* white.jpg in Resources */,
				EB96888B1786E6D20055FEB7 /* My Property.plist in Resources */,
				EB96888E1786E85F0055FEB7 /* sidebarbg@2x.png in Resources */,
				EB96888F1786E85F0055FEB7 /* sidebarCellLine@2x.png in Resources */,
				EB9688951786E89B0055FEB7 /* Entertainment@2x.png in Resources */,
				EB9688961786E89B0055FEB7 /* Food & Drink@2x.png in Resources */,
				EB9688971786E89B0055FEB7 /* Music & Arts@2x.png in Resources */,
				EB9688981786E89B0055FEB7 /* Profile@2x.png in Resources */,
				EB9688991786E89B0055FEB7 /* Shopping@2x.png in Resources */,
				EB96889B1786E8AD0055FEB7 /* News Feed@2x.png in Resources */,
				EB9688A01786EE2C0055FEB7 /* nav_bar_white_background@2x.png in Resources */,
				EB91EC3A1787BD0200323F51 /* iPhone4.storyboard in Resources */,
				EB91EC451787EFE200323F51 /* Circular3_icon57@2x.png in Resources */,
				EB91EC461787EFE200323F51 /* Circular3_icon114@2x.png in Resources */,
				EB91EC5E1787FBB700323F51 /* SheetBackground.png in Resources */,
				EB91EC5F1787FBB700323F51 /* SheetBackground@2x.png in Resources */,
				EB91EC601787FBB700323F51 /* SheetButtonDestroy@2x.png in Resources */,
				EB91EC611787FBB700323F51 /* SheetButtonDestroyTouch@2x.png in Resources */,
				EB91EC621787FBB700323F51 /* SheetButtonDismiss.png in Resources */,
				EB91EC631787FBB700323F51 /* SheetButtonDismiss@2x.png in Resources */,
				EB91EC641787FBB700323F51 /* SheetButtonDismissTouch.png in Resources */,
				EB91EC651787FBB700323F51 /* SheetButtonDismissTouch@2x.png in Resources */,
				EB91EC661787FBB700323F51 /* SheetButtonGeneric.png in Resources */,
				EB91EC671787FBB700323F51 /* SheetButtonGeneric@2x.png in Resources */,
				EB91EC681787FBB700323F51 /* SheetButtonGenericTouch.png in Resources */,
				EB91EC691787FBB700323F51 /* SheetButtonGenericTouch@2x.png in Resources */,
				EB91EC6A1787FBB700323F51 /* SheetButtonPrimary.png in Resources */,
				EB91EC6B1787FBB700323F51 /* SheetButtonPrimary@2x.png in Resources */,
				EB91EC6C1787FBB700323F51 /* SheetButtonPrimaryTouch.png in Resources */,
				EB91EC6D1787FBB700323F51 /* SheetButtonPrimaryTouch@2x.png in Resources */,
				EB91EC7E1788191300323F51 /* cover.jpg in Resources */,
			);
			runOnlyForDeploymentPostprocessing = 0;
		};
/* End PBXResourcesBuildPhase section */

/* Begin PBXSourcesBuildPhase section */
		EDC32BDA178154AE00A2E1D4 /* Sources */ = {
			isa = PBXSourcesBuildPhase;
			buildActionMask = 2147483647;
			files = (
				EDC32BEE178154AE00A2E1D4 /* main.m in Sources */,
				EDC32BF2178154AE00A2E1D4 /* AppDelegate.m in Sources */,
				EDE651141782A50D000D3C02 /* ECSlidingViewController.m in Sources */,
				EDE651151782A50D000D3C02 /* UIImage+ImageWithUIView.m in Sources */,
				EDE651191782A54F000D3C02 /* InitialSlidingViewController.m in Sources */,
				EDE6511F1782A6C4000D3C02 /* ProfileViewController.m in Sources */,
				EDE651291782DA81000D3C02 /* NavigationTopViewController.m in Sources */,
				EDE6512A1782DA81000D3C02 /* FeedsCellViewController.m in Sources */,
				EDE6512E1782E2AE000D3C02 /* DetailCellViewController.m in Sources */,
				EDE651331782E5E8000D3C02 /* MenuViewController.m in Sources */,
				EB89535A1783317D00252483 /* CustomCell.m in Sources */,
				EB96889E1786E8C00055FEB7 /* SettingController.m in Sources */,
				EB91EC4C1787FB8D00323F51 /* RDActionSheet.m in Sources */,
				EB91EC731788073D00323F51 /* AGMedallionView.m in Sources */,
			);
			runOnlyForDeploymentPostprocessing = 0;
		};
/* End PBXSourcesBuildPhase section */

/* Begin PBXVariantGroup section */
		EDC32BEA178154AE00A2E1D4 /* InfoPlist.strings */ = {
			isa = PBXVariantGroup;
			children = (
				EDC32BEB178154AE00A2E1D4 /* en */,
			);
			name = InfoPlist.strings;
			sourceTree = "<group>";
		};
		EDC32BF9178154AE00A2E1D4 /* iPhone5.storyboard */ = {
			isa = PBXVariantGroup;
			children = (
				EDC32BFA178154AE00A2E1D4 /* en */,
			);
			name = iPhone5.storyboard;
			sourceTree = "<group>";
		};
/* End PBXVariantGroup section */

/* Begin XCBuildConfiguration section */
		EDC32BFF178154AE00A2E1D4 /* Debug */ = {
			isa = XCBuildConfiguration;
			buildSettings = {
				ALWAYS_SEARCH_USER_PATHS = NO;
				CLANG_CXX_LANGUAGE_STANDARD = "gnu++0x";
				CLANG_CXX_LIBRARY = "libc++";
				CLANG_ENABLE_OBJC_ARC = YES;
				CLANG_WARN_CONSTANT_CONVERSION = YES;
				CLANG_WARN_EMPTY_BODY = YES;
				CLANG_WARN_ENUM_CONVERSION = YES;
				CLANG_WARN_INT_CONVERSION = YES;
				CLANG_WARN__DUPLICATE_METHOD_MATCH = YES;
				"CODE_SIGN_IDENTITY[sdk=iphoneos*]" = "iPhone Developer";
				COPY_PHASE_STRIP = NO;
				GCC_C_LANGUAGE_STANDARD = gnu99;
				GCC_DYNAMIC_NO_PIC = NO;
				GCC_OPTIMIZATION_LEVEL = 0;
				GCC_PREPROCESSOR_DEFINITIONS = (
					"DEBUG=1",
					"$(inherited)",
				);
				GCC_SYMBOLS_PRIVATE_EXTERN = NO;
				GCC_WARN_ABOUT_RETURN_TYPE = YES;
				GCC_WARN_UNINITIALIZED_AUTOS = YES;
				GCC_WARN_UNUSED_VARIABLE = YES;
				IPHONEOS_DEPLOYMENT_TARGET = 6.1;
				ONLY_ACTIVE_ARCH = YES;
				SDKROOT = iphoneos;
			};
			name = Debug;
		};
		EDC32C00178154AE00A2E1D4 /* Release */ = {
			isa = XCBuildConfiguration;
			buildSettings = {
				ALWAYS_SEARCH_USER_PATHS = NO;
				CLANG_CXX_LANGUAGE_STANDARD = "gnu++0x";
				CLANG_CXX_LIBRARY = "libc++";
				CLANG_ENABLE_OBJC_ARC = YES;
				CLANG_WARN_CONSTANT_CONVERSION = YES;
				CLANG_WARN_EMPTY_BODY = YES;
				CLANG_WARN_ENUM_CONVERSION = YES;
				CLANG_WARN_INT_CONVERSION = YES;
				CLANG_WARN__DUPLICATE_METHOD_MATCH = YES;
				"CODE_SIGN_IDENTITY[sdk=iphoneos*]" = "iPhone Developer";
				COPY_PHASE_STRIP = YES;
				GCC_C_LANGUAGE_STANDARD = gnu99;
				GCC_WARN_ABOUT_RETURN_TYPE = YES;
				GCC_WARN_UNINITIALIZED_AUTOS = YES;
				GCC_WARN_UNUSED_VARIABLE = YES;
				IPHONEOS_DEPLOYMENT_TARGET = 6.1;
				OTHER_CFLAGS = "-DNS_BLOCK_ASSERTIONS=1";
				SDKROOT = iphoneos;
				VALIDATE_PRODUCT = YES;
			};
			name = Release;
		};
		EDC32C02178154AE00A2E1D4 /* Debug */ = {
			isa = XCBuildConfiguration;
			buildSettings = {
				GCC_PRECOMPILE_PREFIX_HEADER = YES;
				GCC_PREFIX_HEADER = "Circular/Circular-Prefix.pch";
				INFOPLIST_FILE = "Circular/Circular-Info.plist";
				PRODUCT_NAME = "$(TARGET_NAME)";
				WRAPPER_EXTENSION = app;
			};
			name = Debug;
		};
		EDC32C03178154AE00A2E1D4 /* Release */ = {
			isa = XCBuildConfiguration;
			buildSettings = {
				GCC_PRECOMPILE_PREFIX_HEADER = YES;
				GCC_PREFIX_HEADER = "Circular/Circular-Prefix.pch";
				INFOPLIST_FILE = "Circular/Circular-Info.plist";
				PRODUCT_NAME = "$(TARGET_NAME)";
				WRAPPER_EXTENSION = app;
			};
			name = Release;
		};
/* End XCBuildConfiguration section */

/* Begin XCConfigurationList section */
		EDC32BD9178154AE00A2E1D4 /* Build configuration list for PBXProject "Circular" */ = {
			isa = XCConfigurationList;
			buildConfigurations = (
				EDC32BFF178154AE00A2E1D4 /* Debug */,
				EDC32C00178154AE00A2E1D4 /* Release */,
			);
			defaultConfigurationIsVisible = 0;
			defaultConfigurationName = Release;
		};
		EDC32C01178154AE00A2E1D4 /* Build configuration list for PBXNativeTarget "Circular" */ = {
			isa = XCConfigurationList;
			buildConfigurations = (
				EDC32C02178154AE00A2E1D4 /* Debug */,
				EDC32C03178154AE00A2E1D4 /* Release */,
			);
			defaultConfigurationIsVisible = 0;
			defaultConfigurationName = Release;
		};
/* End XCConfigurationList section */
	};
	rootObject = EDC32BD6178154AE00A2E1D4 /* Project object */;
}
